// !$*UTF8*$!
{
	archiveVersion = 1;
	classes = {
	};
	objectVersion = 50;
	objects = {

/* Begin PBXBuildFile section */
		849C1741220AC19900E4978D /* AppDelegate.swift in Sources */ = {isa = PBXBuildFile; fileRef = 849C1740220AC19900E4978D /* AppDelegate.swift */; };
		849C1743220AC19900E4978D /* ViewController.swift in Sources */ = {isa = PBXBuildFile; fileRef = 849C1742220AC19900E4978D /* ViewController.swift */; };
		849C1746220AC19900E4978D /* Main.storyboard in Resources */ = {isa = PBXBuildFile; fileRef = 849C1744220AC19900E4978D /* Main.storyboard */; };
		849C1748220AC19A00E4978D /* Assets.xcassets in Resources */ = {isa = PBXBuildFile; fileRef = 849C1747220AC19A00E4978D /* Assets.xcassets */; };
		849C1757220AD92400E4978D /* Questions.swift in Sources */ = {isa = PBXBuildFile; fileRef = 849C1756220AD92400E4978D /* Questions.swift */; };
		849C175A220AE00300E4978D /* NetworkingService.swift in Sources */ = {isa = PBXBuildFile; fileRef = 849C1759220AE00300E4978D /* NetworkingService.swift */; };
		849C1761220B198100E4978D /* QuestionCollectionViewCell.swift in Sources */ = {isa = PBXBuildFile; fileRef = 849C1760220B198100E4978D /* QuestionCollectionViewCell.swift */; };
		849C1763220B5D1C00E4978D /* QuestionCollectionViewFlowLayout.swift in Sources */ = {isa = PBXBuildFile; fileRef = 849C1762220B5D1C00E4978D /* QuestionCollectionViewFlowLayout.swift */; };
		849C1766220B8A6500E4978D /* LoadingScreenVC.swift in Sources */ = {isa = PBXBuildFile; fileRef = 849C1765220B8A6500E4978D /* LoadingScreenVC.swift */; };
		849C1768220B928A00E4978D /* Launch Screen.storyboard in Resources */ = {isa = PBXBuildFile; fileRef = 849C1767220B928A00E4978D /* Launch Screen.storyboard */; };
/* End PBXBuildFile section */

/* Begin PBXFileReference section */
		849C173D220AC19900E4978D /* TriviaDB.app */ = {isa = PBXFileReference; explicitFileType = wrapper.application; includeInIndex = 0; path = TriviaDB.app; sourceTree = BUILT_PRODUCTS_DIR; };
		849C1740220AC19900E4978D /* AppDelegate.swift */ = {isa = PBXFileReference; lastKnownFileType = sourcecode.swift; path = AppDelegate.swift; sourceTree = "<group>"; };
		849C1742220AC19900E4978D /* ViewController.swift */ = {isa = PBXFileReference; lastKnownFileType = sourcecode.swift; path = ViewController.swift; sourceTree = "<group>"; };
		849C1745220AC19900E4978D /* Base */ = {isa = PBXFileReference; lastKnownFileType = file.storyboard; name = Base; path = Base.lproj/Main.storyboard; sourceTree = "<group>"; };
		849C1747220AC19A00E4978D /* Assets.xcassets */ = {isa = PBXFileReference; lastKnownFileType = folder.assetcatalog; path = Assets.xcassets; sourceTree = "<group>"; };
		849C174C220AC19A00E4978D /* Info.plist */ = {isa = PBXFileReference; lastKnownFileType = text.plist.xml; path = Info.plist; sourceTree = "<group>"; };
		849C1756220AD92400E4978D /* Questions.swift */ = {isa = PBXFileReference; lastKnownFileType = sourcecode.swift; path = Questions.swift; sourceTree = "<group>"; };
		849C1759220AE00300E4978D /* NetworkingService.swift */ = {isa = PBXFileReference; lastKnownFileType = sourcecode.swift; path = NetworkingService.swift; sourceTree = "<group>"; };
		849C1760220B198100E4978D /* QuestionCollectionViewCell.swift */ = {isa = PBXFileReference; lastKnownFileType = sourcecode.swift; path = QuestionCollectionViewCell.swift; sourceTree = "<group>"; };
		849C1762220B5D1C00E4978D /* QuestionCollectionViewFlowLayout.swift */ = {isa = PBXFileReference; lastKnownFileType = sourcecode.swift; path = QuestionCollectionViewFlowLayout.swift; sourceTree = "<group>"; };
		849C1765220B8A6500E4978D /* LoadingScreenVC.swift */ = {isa = PBXFileReference; lastKnownFileType = sourcecode.swift; path = LoadingScreenVC.swift; sourceTree = "<group>"; };
		849C1767220B928A00E4978D /* Launch Screen.storyboard */ = {isa = PBXFileReference; lastKnownFileType = file.storyboard; path = "Launch Screen.storyboard"; sourceTree = "<group>"; };
/* End PBXFileReference section */

/* Begin PBXFrameworksBuildPhase section */
		849C173A220AC19900E4978D /* Frameworks */ = {
			isa = PBXFrameworksBuildPhase;
			buildActionMask = 2147483647;
			files = (
			);
			runOnlyForDeploymentPostprocessing = 0;
		};
/* End PBXFrameworksBuildPhase section */

/* Begin PBXGroup section */
		849C1734220AC19900E4978D = {
			isa = PBXGroup;
			children = (
				849C173F220AC19900E4978D /* TriviaDB */,
				849C173E220AC19900E4978D /* Products */,
			);
			sourceTree = "<group>";
		};
		849C173E220AC19900E4978D /* Products */ = {
			isa = PBXGroup;
			children = (
				849C173D220AC19900E4978D /* TriviaDB.app */,
			);
			name = Products;
			sourceTree = "<group>";
		};
		849C173F220AC19900E4978D /* TriviaDB */ = {
			isa = PBXGroup;
			children = (
				849C1764220B8A3900E4978D /* LoadingScreen */,
				849C1758220ADFE100E4978D /* NetworkingService */,
				849C1755220AD79200E4978D /* Question */,
				849C1740220AC19900E4978D /* AppDelegate.swift */,
				849C1742220AC19900E4978D /* ViewController.swift */,
				849C1744220AC19900E4978D /* Main.storyboard */,
				849C1767220B928A00E4978D /* Launch Screen.storyboard */,
				849C1747220AC19A00E4978D /* Assets.xcassets */,
				849C174C220AC19A00E4978D /* Info.plist */,
				849C1760220B198100E4978D /* QuestionCollectionViewCell.swift */,
				849C1762220B5D1C00E4978D /* QuestionCollectionViewFlowLayout.swift */,
			);
			path = TriviaDB;
			sourceTree = "<group>";
		};
		849C1755220AD79200E4978D /* Question */ = {
			isa = PBXGroup;
			children = (
				849C1756220AD92400E4978D /* Questions.swift */,
			);
			path = Question;
			sourceTree = "<group>";
		};
		849C1758220ADFE100E4978D /* NetworkingService */ = {
			isa = PBXGroup;
			children = (
				849C1759220AE00300E4978D /* NetworkingService.swift */,
			);
			path = NetworkingService;
			sourceTree = "<group>";
		};
		849C1764220B8A3900E4978D /* LoadingScreen */ = {
			isa = PBXGroup;
			children = (
				849C1765220B8A6500E4978D /* LoadingScreenVC.swift */,
			);
			path = LoadingScreen;
			sourceTree = "<group>";
		};
/* End PBXGroup section */

/* Begin PBXNativeTarget section */
		849C173C220AC19900E4978D /* TriviaDB */ = {
			isa = PBXNativeTarget;
			buildConfigurationList = 849C174F220AC19A00E4978D /* Build configuration list for PBXNativeTarget "TriviaDB" */;
			buildPhases = (
				849C1739220AC19900E4978D /* Sources */,
				849C173A220AC19900E4978D /* Frameworks */,
				849C173B220AC19900E4978D /* Resources */,
			);
			buildRules = (
			);
			dependencies = (
			);
			name = TriviaDB;
			productName = TriviaDB;
			productReference = 849C173D220AC19900E4978D /* TriviaDB.app */;
			productType = "com.apple.product-type.application";
		};
/* End PBXNativeTarget section */

/* Begin PBXProject section */
		849C1735220AC19900E4978D /* Project object */ = {
			isa = PBXProject;
			attributes = {
				LastSwiftUpdateCheck = 1010;
				LastUpgradeCheck = 1010;
				TargetAttributes = {
					849C173C220AC19900E4978D = {
						CreatedOnToolsVersion = 10.1;
					};
				};
			};
			buildConfigurationList = 849C1738220AC19900E4978D /* Build configuration list for PBXProject "TriviaDB" */;
			compatibilityVersion = "Xcode 9.3";
			developmentRegion = en;
			hasScannedForEncodings = 0;
			knownRegions = (
				en,
				Base,
			);
			mainGroup = 849C1734220AC19900E4978D;
			productRefGroup = 849C173E220AC19900E4978D /* Products */;
			projectDirPath = "";
			projectRoot = "";
			targets = (
				849C173C220AC19900E4978D /* TriviaDB */,
			);
		};
/* End PBXProject section */

/* Begin PBXResourcesBuildPhase section */
		849C173B220AC19900E4978D /* Resources */ = {
			isa = PBXResourcesBuildPhase;
			buildActionMask = 2147483647;
			files = (
				849C1768220B928A00E4978D /* Launch Screen.storyboard in Resources */,
				849C1748220AC19A00E4978D /* Assets.xcassets in Resources */,
				849C1746220AC19900E4978D /* Main.storyboard in Resources */,
			);
			runOnlyForDeploymentPostprocessing = 0;
		};
/* End PBXResourcesBuildPhase section */

/* Begin PBXSourcesBuildPhase section */
		849C1739220AC19900E4978D /* Sources */ = {
			isa = PBXSourcesBuildPhase;
			buildActionMask = 2147483647;
			files = (
				849C1761220B198100E4978D /* QuestionCollectionViewCell.swift in Sources */,
				849C175A220AE00300E4978D /* NetworkingService.swift in Sources */,
				849C1766220B8A6500E4978D /* LoadingScreenVC.swift in Sources */,
				849C1763220B5D1C00E4978D /* QuestionCollectionViewFlowLayout.swift in Sources */,
				849C1757220AD92400E4978D /* Questions.swift in Sources */,
				849C1743220AC19900E4978D /* ViewController.swift in Sources */,
				849C1741220AC19900E4978D /* AppDelegate.swift in Sources */,
			);
			runOnlyForDeploymentPostprocessing = 0;
		};
/* End PBXSourcesBuildPhase section */

/* Begin PBXVariantGroup section */
		849C1744220AC19900E4978D /* Main.storyboard */ = {
			isa = PBXVariantGroup;
			children = (
				849C1745220AC19900E4978D /* Base */,
			);
			name = Main.storyboard;
			sourceTree = "<group>";
		};
/* End PBXVariantGroup section */

/* Begin XCBuildConfiguration section */
		849C174D220AC19A00E4978D /* Debug */ = {
			isa = XCBuildConfiguration;
			buildSettings = {
				ALWAYS_SEARCH_USER_PATHS = NO;
				CLANG_ANALYZER_NONNULL = YES;
				CLANG_ANALYZER_NUMBER_OBJECT_CONVERSION = YES_AGGRESSIVE;
				CLANG_CXX_LANGUAGE_STANDARD = "gnu++14";
				CLANG_CXX_LIBRARY = "libc++";
				CLANG_ENABLE_MODULES = YES;
				CLANG_ENABLE_OBJC_ARC = YES;
				CLANG_ENABLE_OBJC_WEAK = YES;
				CLANG_WARN_BLOCK_CAPTURE_AUTORELEASING = YES;
				CLANG_WARN_BOOL_CONVERSION = YES;
				CLANG_WARN_COMMA = YES;
				CLANG_WARN_CONSTANT_CONVERSION = YES;
				CLANG_WARN_DEPRECATED_OBJC_IMPLEMENTATIONS = YES;
				CLANG_WARN_DIRECT_OBJC_ISA_USAGE = YES_ERROR;
				CLANG_WARN_DOCUMENTATION_COMMENTS = YES;
				CLANG_WARN_EMPTY_BODY = YES;
				CLANG_WARN_ENUM_CONVERSION = YES;
				CLANG_WARN_INFINITE_RECURSION = YES;
				CLANG_WARN_INT_CONVERSION = YES;
				CLANG_WARN_NON_LITERAL_NULL_CONVERSION = YES;
				CLANG_WARN_OBJC_IMPLICIT_RETAIN_SELF = YES;
				CLANG_WARN_OBJC_LITERAL_CONVERSION = YES;
				CLANG_WARN_OBJC_ROOT_CLASS = YES_ERROR;
				CLANG_WARN_RANGE_LOOP_ANALYSIS = YES;
				CLANG_WARN_STRICT_PROTOTYPES = YES;
				CLANG_WARN_SUSPICIOUS_MOVE = YES;
				CLANG_WARN_UNGUARDED_AVAILABILITY = YES_AGGRESSIVE;
				CLANG_WARN_UNREACHABLE_CODE = YES;
				CLANG_WARN__DUPLICATE_METHOD_MATCH = YES;
				CODE_SIGN_IDENTITY = "iPhone Developer";
				COPY_PHASE_STRIP = NO;
				DEBUG_INFORMATION_FORMAT = dwarf;
				ENABLE_STRICT_OBJC_MSGSEND = YES;
				ENABLE_TESTABILITY = YES;
				GCC_C_LANGUAGE_STANDARD = gnu11;
				GCC_DYNAMIC_NO_PIC = NO;
				GCC_NO_COMMON_BLOCKS = YES;
				GCC_OPTIMIZATION_LEVEL = 0;
				GCC_PREPROCESSOR_DEFINITIONS = (
					"DEBUG=1",
					"$(inherited)",
				);
				GCC_WARN_64_TO_32_BIT_CONVERSION = YES;
				GCC_WARN_ABOUT_RETURN_TYPE = YES_ERROR;
				GCC_WARN_UNDECLARED_SELECTOR = YES;
				GCC_WARN_UNINITIALIZED_AUTOS = YES_AGGRESSIVE;
				GCC_WARN_UNUSED_FUNCTION = YES;
				GCC_WARN_UNUSED_VARIABLE = YES;
				IPHONEOS_DEPLOYMENT_TARGET = 12.1;
				MTL_ENABLE_DEBUG_INFO = INCLUDE_SOURCE;
				MTL_FAST_MATH = YES;
				ONLY_ACTIVE_ARCH = YES;
				SDKROOT = iphoneos;
				SWIFT_ACTIVE_COMPILATION_CONDITIONS = DEBUG;
				SWIFT_OPTIMIZATION_LEVEL = "-Onone";
			};
			name = Debug;
		};
		849C174E220AC19A00E4978D /* Release */ = {
			isa = XCBuildConfiguration;
			buildSettings = {
				ALWAYS_SEARCH_USER_PATHS = NO;
				CLANG_ANALYZER_NONNULL = YES;
				CLANG_ANALYZER_NUMBER_OBJECT_CONVERSION = YES_AGGRESSIVE;
				CLANG_CXX_LANGUAGE_STANDARD = "gnu++14";
				CLANG_CXX_LIBRARY = "libc++";
				CLANG_ENABLE_MODULES = YES;
				CLANG_ENABLE_OBJC_ARC = YES;
				CLANG_ENABLE_OBJC_WEAK = YES;
				CLANG_WARN_BLOCK_CAPTURE_AUTORELEASING = YES;
				CLANG_WARN_BOOL_CONVERSION = YES;
				CLANG_WARN_COMMA = YES;
				CLANG_WARN_CONSTANT_CONVERSION = YES;
				CLANG_WARN_DEPRECATED_OBJC_IMPLEMENTATIONS = YES;
				CLANG_WARN_DIRECT_OBJC_ISA_USAGE = YES_ERROR;
				CLANG_WARN_DOCUMENTATION_COMMENTS = YES;
				CLANG_WARN_EMPTY_BODY = YES;
				CLANG_WARN_ENUM_CONVERSION = YES;
				CLANG_WARN_INFINITE_RECURSION = YES;
				CLANG_WARN_INT_CONVERSION = YES;
				CLANG_WARN_NON_LITERAL_NULL_CONVERSION = YES;
				CLANG_WARN_OBJC_IMPLICIT_RETAIN_SELF = YES;
				CLANG_WARN_OBJC_LITERAL_CONVERSION = YES;
				CLANG_WARN_OBJC_ROOT_CLASS = YES_ERROR;
				CLANG_WARN_RANGE_LOOP_ANALYSIS = YES;
				CLANG_WARN_STRICT_PROTOTYPES = YES;
				CLANG_WARN_SUSPICIOUS_MOVE = YES;
				CLANG_WARN_UNGUARDED_AVAILABILITY = YES_AGGRESSIVE;
				CLANG_WARN_UNREACHABLE_CODE = YES;
				CLANG_WARN__DUPLICATE_METHOD_MATCH = YES;
				CODE_SIGN_IDENTITY = "iPhone Developer";
				COPY_PHASE_STRIP = NO;
				DEBUG_INFORMATION_FORMAT = "dwarf-with-dsym";
				ENABLE_NS_ASSERTIONS = NO;
				ENABLE_STRICT_OBJC_MSGSEND = YES;
				GCC_C_LANGUAGE_STANDARD = gnu11;
				GCC_NO_COMMON_BLOCKS = YES;
				GCC_WARN_64_TO_32_BIT_CONVERSION = YES;
				GCC_WARN_ABOUT_RETURN_TYPE = YES_ERROR;
				GCC_WARN_UNDECLARED_SELECTOR = YES;
				GCC_WARN_UNINITIALIZED_AUTOS = YES_AGGRESSIVE;
				GCC_WARN_UNUSED_FUNCTION = YES;
				GCC_WARN_UNUSED_VARIABLE = YES;
				IPHONEOS_DEPLOYMENT_TARGET = 12.1;
				MTL_ENABLE_DEBUG_INFO = NO;
				MTL_FAST_MATH = YES;
				SDKROOT = iphoneos;
				SWIFT_COMPILATION_MODE = wholemodule;
				SWIFT_OPTIMIZATION_LEVEL = "-O";
				VALIDATE_PRODUCT = YES;
			};
			name = Release;
		};
		849C1750220AC19A00E4978D /* Debug */ = {
			isa = XCBuildConfiguration;
			buildSettings = {
				ASSETCATALOG_COMPILER_APPICON_NAME = AppIcon;
				CODE_SIGN_STYLE = Automatic;
				INFOPLIST_FILE = TriviaDB/Info.plist;
				IPHONEOS_DEPLOYMENT_TARGET = 10.0;
				LD_RUNPATH_SEARCH_PATHS = (
					"$(inherited)",
					"@executable_path/Frameworks",
				);
				PRODUCT_BUNDLE_IDENTIFIER = RuslanRudenya.TriviaDB;
				PRODUCT_NAME = "$(TARGET_NAME)";
				SWIFT_VERSION = 4.2;
				TARGETED_DEVICE_FAMILY = 1;
			};
			name = Debug;
		};
		849C1751220AC19A00E4978D /* Release */ = {
			isa = XCBuildConfiguration;
			buildSettings = {
				ASSETCATALOG_COMPILER_APPICON_NAME = AppIcon;
				CODE_SIGN_STYLE = Automatic;
				INFOPLIST_FILE = TriviaDB/Info.plist;
				IPHONEOS_DEPLOYMENT_TARGET = 10.0;
				LD_RUNPATH_SEARCH_PATHS = (
					"$(inherited)",
					"@executable_path/Frameworks",
				);
				PRODUCT_BUNDLE_IDENTIFIER = RuslanRudenya.TriviaDB;
				PRODUCT_NAME = "$(TARGET_NAME)";
				SWIFT_VERSION = 4.2;
				TARGETED_DEVICE_FAMILY = 1;
			};
			name = Release;
		};
/* End XCBuildConfiguration section */

/* Begin XCConfigurationList section */
		849C1738220AC19900E4978D /* Build configuration list for PBXProject "TriviaDB" */ = {
			isa = XCConfigurationList;
			buildConfigurations = (
				849C174D220AC19A00E4978D /* Debug */,
				849C174E220AC19A00E4978D /* Release */,
			);
			defaultConfigurationIsVisible = 0;
			defaultConfigurationName = Release;
		};
		849C174F220AC19A00E4978D /* Build configuration list for PBXNativeTarget "TriviaDB" */ = {
			isa = XCConfigurationList;
			buildConfigurations = (
				849C1750220AC19A00E4978D /* Debug */,
				849C1751220AC19A00E4978D /* Release */,
			);
			defaultConfigurationIsVisible = 0;
			defaultConfigurationName = Release;
		};
/* End XCConfigurationList section */
	};
	rootObject = 849C1735220AC19900E4978D /* Project object */;
}
